
Microsoft Visual Studio Solution File, Format Version 12.00
# Visual Studio Version 17
VisualStudioVersion = 17.10.35027.167
MinimumVisualStudioVersion = 10.0.40219.1
Project("{FAE04EC0-301F-11D3-BF4B-00C04F79EFBC}") = "PatikaWeek1Etkinlik", "PatikaWeek1Etkinlik\PatikaWeek1Etkinlik.csproj", "{8F878618-4BAC-49C7-800B-AF2CA79F6A9C}"
EndProject
Global
	GlobalSection(SolutionConfigurationPlatforms) = preSolution
		Debug|Any CPU = Debug|Any CPU
		Release|Any CPU = Release|Any CPU
	EndGlobalSection
	GlobalSection(ProjectConfigurationPlatforms) = postSolution
		{8F878618-4BAC-49C7-800B-AF2CA79F6A9C}.Debug|Any CPU.ActiveCfg = Debug|Any CPU
		{8F878618-4BAC-49C7-800B-AF2CA79F6A9C}.Debug|Any CPU.Build.0 = Debug|Any CPU
		{8F878618-4BAC-49C7-800B-AF2CA79F6A9C}.Release|Any CPU.ActiveCfg = Release|Any CPU
		{8F878618-4BAC-49C7-800B-AF2CA79F6A9C}.Release|Any CPU.Build.0 = Release|Any CPU
	EndGlobalSection
	GlobalSection(SolutionProperties) = preSolution
		HideSolutionNode = FALSE
	EndGlobalSection
	GlobalSection(ExtensibilityGlobals) = postSolution
		SolutionGuid = {ED59C778-50A1-4F42-B103-03EC92060FC2}
	EndGlobalSection
EndGlobal
